{
  "requires": true,
  "lockfileVersion": 1,
  "dependencies": {
    "jsend": {
      "version": "1.1.0",
      "resolved": "https://registry.npmjs.org/jsend/-/jsend-1.1.0.tgz",
      "integrity": "sha512-PrlHjO07zBe03p5i93fyiy2w4cTMVhN5oKyRn5vbDz+ImndSQJZiB4MeGOBoZ2zc9s1BsO7knw3N6jCVkM+VCw=="
    }
  }
}
